// !$*UTF8*$!
{
	archiveVersion = 1;
	classes = {
	};
	objectVersion = 56;
	objects = {

/* Begin PBXBuildFile section */
		512F85DC2F773AFB002897F2 /* Localizable.xcstrings in Resources */ = {isa = PBXBuildFile; fileRef = 512F85DB2F773AFB002897F2 /* Localizable.xcstrings */; };
		512F85DE2F774893002897F2 /* AppLanguage.swift in Sources */ = {isa = PBXBuildFile; fileRef = 512F85DD2F774893002897F2 /* AppLanguage.swift */; };
		512F85E02F787BCD002897F2 /* PollingInterval.swift in Sources */ = {isa = PBXBuildFile; fileRef = 512F85DF2F787BCD002897F2 /* PollingInterval.swift */; };
		512F85E62F78A2C3002897F2 /* DebugMenuView.swift in Sources */ = {isa = PBXBuildFile; fileRef = 512F85E52F78A2C3002897F2 /* DebugMenuView.swift */; };
		8A1B2C3D4E5F000000000101 /* ClaudeStatusBarApp.swift in Sources */ = {isa = PBXBuildFile; fileRef = 8A1B2C3D4E5F000000000001 /* ClaudeStatusBarApp.swift */; };
		8A1B2C3D4E5F000000000102 /* StatusModels.swift in Sources */ = {isa = PBXBuildFile; fileRef = 8A1B2C3D4E5F000000000002 /* StatusModels.swift */; };
		8A1B2C3D4E5F000000000103 /* StatusService.swift in Sources */ = {isa = PBXBuildFile; fileRef = 8A1B2C3D4E5F000000000003 /* StatusService.swift */; };
		8A1B2C3D4E5F000000000104 /* NotificationService.swift in Sources */ = {isa = PBXBuildFile; fileRef = 8A1B2C3D4E5F000000000004 /* NotificationService.swift */; };
		8A1B2C3D4E5F000000000105 /* StatusMenuView.swift in Sources */ = {isa = PBXBuildFile; fileRef = 8A1B2C3D4E5F000000000005 /* StatusMenuView.swift */; };
		8A1B2C3D4E5F000000000106 /* ComponentRow.swift in Sources */ = {isa = PBXBuildFile; fileRef = 8A1B2C3D4E5F000000000006 /* ComponentRow.swift */; };
		8A1B2C3D4E5F000000000107 /* IncidentCard.swift in Sources */ = {isa = PBXBuildFile; fileRef = 8A1B2C3D4E5F000000000007 /* IncidentCard.swift */; };
		8A1B2C3D4E5F000000000108 /* StatusViewModel.swift in Sources */ = {isa = PBXBuildFile; fileRef = 8A1B2C3D4E5F000000000008 /* StatusViewModel.swift */; };
		8A1B2C3D4E5F000000000109 /* Assets.xcassets in Resources */ = {isa = PBXBuildFile; fileRef = 8A1B2C3D4E5F000000000009 /* Assets.xcassets */; };
		8A1B2C3D4E5F00000000010A /* StatusModelsTests.swift in Sources */ = {isa = PBXBuildFile; fileRef = 8A1B2C3D4E5F00000000000C /* StatusModelsTests.swift */; };
		8A1B2C3D4E5F00000000010B /* StatusServiceTests.swift in Sources */ = {isa = PBXBuildFile; fileRef = 8A1B2C3D4E5F00000000000D /* StatusServiceTests.swift */; };
		8A1B2C3D4E5F00000000010C /* IconDesignType.swift in Sources */ = {isa = PBXBuildFile; fileRef = 8A1B2C3D4E5F00000000000F /* IconDesignType.swift */; };
		8A1B2C3D4E5F00000000010E /* DebugPreset.swift in Sources */ = {isa = PBXBuildFile; fileRef = 8A1B2C3D4E5F000000000011 /* DebugPreset.swift */; };
		8A1B2C3D4E5F000000000110 /* StatusViewModelTests.swift in Sources */ = {isa = PBXBuildFile; fileRef = 8A1B2C3D4E5F000000000013 /* StatusViewModelTests.swift */; };
		8A1B2C3D4E5F000000000111 /* NotificationSettingsService.swift in Sources */ = {isa = PBXBuildFile; fileRef = 8A1B2C3D4E5F000000000014 /* NotificationSettingsService.swift */; };
		8A1B2C3D4E5F000000000113 /* NotificationSettingsServiceTests.swift in Sources */ = {isa = PBXBuildFile; fileRef = 8A1B2C3D4E5F000000000016 /* NotificationSettingsServiceTests.swift */; };
		8A1B2C3D4E5F000000000114 /* SettingsView.swift in Sources */ = {isa = PBXBuildFile; fileRef = 8A1B2C3D4E5F000000000017 /* SettingsView.swift */; };
/* End PBXBuildFile section */

/* Begin PBXContainerItemProxy section */
		8A1B2C3D4E5F000000000801 /* PBXContainerItemProxy */ = {
			isa = PBXContainerItemProxy;
			containerPortal = 8A1B2C3D4E5F000000000501 /* Project object */;
			proxyType = 1;
			remoteGlobalIDString = 8A1B2C3D4E5F000000000401;
			remoteInfo = ClaudeStatusBar;
		};
/* End PBXContainerItemProxy section */

/* Begin PBXFileReference section */
		512F85DB2F773AFB002897F2 /* Localizable.xcstrings */ = {isa = PBXFileReference; lastKnownFileType = text.json.xcstrings; path = Localizable.xcstrings; sourceTree = "<group>"; };
		512F85DD2F774893002897F2 /* AppLanguage.swift */ = {isa = PBXFileReference; lastKnownFileType = sourcecode.swift; path = AppLanguage.swift; sourceTree = "<group>"; };
		512F85DF2F787BCD002897F2 /* PollingInterval.swift */ = {isa = PBXFileReference; lastKnownFileType = sourcecode.swift; path = PollingInterval.swift; sourceTree = "<group>"; };
		512F85E52F78A2C3002897F2 /* DebugMenuView.swift */ = {isa = PBXFileReference; lastKnownFileType = sourcecode.swift; path = DebugMenuView.swift; sourceTree = "<group>"; };
		8A1B2C3D4E5F000000000001 /* ClaudeStatusBarApp.swift */ = {isa = PBXFileReference; lastKnownFileType = sourcecode.swift; path = ClaudeStatusBarApp.swift; sourceTree = "<group>"; };
		8A1B2C3D4E5F000000000002 /* StatusModels.swift */ = {isa = PBXFileReference; lastKnownFileType = sourcecode.swift; path = StatusModels.swift; sourceTree = "<group>"; };
		8A1B2C3D4E5F000000000003 /* StatusService.swift */ = {isa = PBXFileReference; lastKnownFileType = sourcecode.swift; path = StatusService.swift; sourceTree = "<group>"; };
		8A1B2C3D4E5F000000000004 /* NotificationService.swift */ = {isa = PBXFileReference; lastKnownFileType = sourcecode.swift; path = NotificationService.swift; sourceTree = "<group>"; };
		8A1B2C3D4E5F000000000005 /* StatusMenuView.swift */ = {isa = PBXFileReference; lastKnownFileType = sourcecode.swift; path = StatusMenuView.swift; sourceTree = "<group>"; };
		8A1B2C3D4E5F000000000006 /* ComponentRow.swift */ = {isa = PBXFileReference; lastKnownFileType = sourcecode.swift; path = ComponentRow.swift; sourceTree = "<group>"; };
		8A1B2C3D4E5F000000000007 /* IncidentCard.swift */ = {isa = PBXFileReference; lastKnownFileType = sourcecode.swift; path = IncidentCard.swift; sourceTree = "<group>"; };
		8A1B2C3D4E5F000000000008 /* StatusViewModel.swift */ = {isa = PBXFileReference; lastKnownFileType = sourcecode.swift; path = StatusViewModel.swift; sourceTree = "<group>"; };
		8A1B2C3D4E5F000000000009 /* Assets.xcassets */ = {isa = PBXFileReference; lastKnownFileType = folder.assetcatalog; path = Assets.xcassets; sourceTree = "<group>"; };
		8A1B2C3D4E5F00000000000A /* ClaudeStatusBar.entitlements */ = {isa = PBXFileReference; lastKnownFileType = text.plist.entitlements; path = ClaudeStatusBar.entitlements; sourceTree = "<group>"; };
		8A1B2C3D4E5F00000000000B /* ClaudeStatusBar.app */ = {isa = PBXFileReference; explicitFileType = wrapper.application; includeInIndex = 0; path = ClaudeStatusBar.app; sourceTree = BUILT_PRODUCTS_DIR; };
		8A1B2C3D4E5F00000000000C /* StatusModelsTests.swift */ = {isa = PBXFileReference; lastKnownFileType = sourcecode.swift; path = StatusModelsTests.swift; sourceTree = "<group>"; };
		8A1B2C3D4E5F00000000000D /* StatusServiceTests.swift */ = {isa = PBXFileReference; lastKnownFileType = sourcecode.swift; path = StatusServiceTests.swift; sourceTree = "<group>"; };
		8A1B2C3D4E5F00000000000E /* ClaudeStatusBarTests.xctest */ = {isa = PBXFileReference; explicitFileType = wrapper.cfbundle; includeInIndex = 0; path = ClaudeStatusBarTests.xctest; sourceTree = BUILT_PRODUCTS_DIR; };
		8A1B2C3D4E5F00000000000F /* IconDesignType.swift */ = {isa = PBXFileReference; lastKnownFileType = sourcecode.swift; path = IconDesignType.swift; sourceTree = "<group>"; };
		8A1B2C3D4E5F000000000011 /* DebugPreset.swift */ = {isa = PBXFileReference; lastKnownFileType = sourcecode.swift; path = DebugPreset.swift; sourceTree = "<group>"; };
		8A1B2C3D4E5F000000000013 /* StatusViewModelTests.swift */ = {isa = PBXFileReference; lastKnownFileType = sourcecode.swift; path = StatusViewModelTests.swift; sourceTree = "<group>"; };
		8A1B2C3D4E5F000000000014 /* NotificationSettingsService.swift */ = {isa = PBXFileReference; lastKnownFileType = sourcecode.swift; path = NotificationSettingsService.swift; sourceTree = "<group>"; };
		8A1B2C3D4E5F000000000016 /* NotificationSettingsServiceTests.swift */ = {isa = PBXFileReference; lastKnownFileType = sourcecode.swift; path = NotificationSettingsServiceTests.swift; sourceTree = "<group>"; };
		8A1B2C3D4E5F000000000017 /* SettingsView.swift */ = {isa = PBXFileReference; lastKnownFileType = sourcecode.swift; path = SettingsView.swift; sourceTree = "<group>"; };
/* End PBXFileReference section */

/* Begin PBXFrameworksBuildPhase section */
		8A1B2C3D4E5F000000000302 /* Frameworks */ = {
			isa = PBXFrameworksBuildPhase;
			buildActionMask = 2147483647;
			files = (
			);
			runOnlyForDeploymentPostprocessing = 0;
		};
		8A1B2C3D4E5F000000000312 /* Frameworks */ = {
			isa = PBXFrameworksBuildPhase;
			buildActionMask = 2147483647;
			files = (
			);
			runOnlyForDeploymentPostprocessing = 0;
		};
/* End PBXFrameworksBuildPhase section */

/* Begin PBXGroup section */
		8A1B2C3D4E5F000000000201 = {
			isa = PBXGroup;
			children = (
				8A1B2C3D4E5F000000000202 /* ClaudeStatusBar */,
				8A1B2C3D4E5F000000000209 /* ClaudeStatusBarTests */,
				8A1B2C3D4E5F000000000208 /* Products */,
			);
			sourceTree = "<group>";
		};
		8A1B2C3D4E5F000000000202 /* ClaudeStatusBar */ = {
			isa = PBXGroup;
			children = (
				8A1B2C3D4E5F000000000001 /* ClaudeStatusBarApp.swift */,
				8A1B2C3D4E5F00000000000A /* ClaudeStatusBar.entitlements */,
				8A1B2C3D4E5F000000000203 /* Models */,
				8A1B2C3D4E5F000000000204 /* Services */,
				8A1B2C3D4E5F000000000205 /* Views */,
				8A1B2C3D4E5F000000000206 /* ViewModels */,
				8A1B2C3D4E5F000000000207 /* Resources */,
				8A1B2C3D4E5F00000000020A /* Debug */,
			);
			path = ClaudeStatusBar;
			sourceTree = "<group>";
		};
		8A1B2C3D4E5F000000000203 /* Models */ = {
			isa = PBXGroup;
			children = (
				512F85DF2F787BCD002897F2 /* PollingInterval.swift */,
				512F85DD2F774893002897F2 /* AppLanguage.swift */,
				8A1B2C3D4E5F000000000002 /* StatusModels.swift */,
				8A1B2C3D4E5F00000000000F /* IconDesignType.swift */,
			);
			path = Models;
			sourceTree = "<group>";
		};
		8A1B2C3D4E5F000000000204 /* Services */ = {
			isa = PBXGroup;
			children = (
				8A1B2C3D4E5F000000000003 /* StatusService.swift */,
				8A1B2C3D4E5F000000000004 /* NotificationService.swift */,
				8A1B2C3D4E5F000000000014 /* NotificationSettingsService.swift */,
			);
			path = Services;
			sourceTree = "<group>";
		};
		8A1B2C3D4E5F000000000205 /* Views */ = {
			isa = PBXGroup;
			children = (
				8A1B2C3D4E5F000000000005 /* StatusMenuView.swift */,
				8A1B2C3D4E5F000000000006 /* ComponentRow.swift */,
				8A1B2C3D4E5F000000000007 /* IncidentCard.swift */,
				8A1B2C3D4E5F000000000017 /* SettingsView.swift */,
			);
			path = Views;
			sourceTree = "<group>";
		};
		8A1B2C3D4E5F000000000206 /* ViewModels */ = {
			isa = PBXGroup;
			children = (
				8A1B2C3D4E5F000000000008 /* StatusViewModel.swift */,
			);
			path = ViewModels;
			sourceTree = "<group>";
		};
		8A1B2C3D4E5F000000000207 /* Resources */ = {
			isa = PBXGroup;
			children = (
				512F85DB2F773AFB002897F2 /* Localizable.xcstrings */,
				8A1B2C3D4E5F000000000009 /* Assets.xcassets */,
			);
			path = Resources;
			sourceTree = "<group>";
		};
		8A1B2C3D4E5F000000000208 /* Products */ = {
			isa = PBXGroup;
			children = (
				8A1B2C3D4E5F00000000000B /* ClaudeStatusBar.app */,
				8A1B2C3D4E5F00000000000E /* ClaudeStatusBarTests.xctest */,
			);
			name = Products;
			sourceTree = "<group>";
		};
		8A1B2C3D4E5F000000000209 /* ClaudeStatusBarTests */ = {
			isa = PBXGroup;
			children = (
				8A1B2C3D4E5F00000000000C /* StatusModelsTests.swift */,
				8A1B2C3D4E5F00000000000D /* StatusServiceTests.swift */,
				8A1B2C3D4E5F000000000013 /* StatusViewModelTests.swift */,
				8A1B2C3D4E5F000000000016 /* NotificationSettingsServiceTests.swift */,
			);
			path = ClaudeStatusBarTests;
			sourceTree = "<group>";
		};
		8A1B2C3D4E5F00000000020A /* Debug */ = {
			isa = PBXGroup;
			children = (
				512F85E52F78A2C3002897F2 /* DebugMenuView.swift */,
				8A1B2C3D4E5F000000000011 /* DebugPreset.swift */,
			);
			path = Debug;
			sourceTree = "<group>";
		};
/* End PBXGroup section */

/* Begin PBXNativeTarget section */
		8A1B2C3D4E5F000000000401 /* ClaudeStatusBar */ = {
			isa = PBXNativeTarget;
			buildConfigurationList = 8A1B2C3D4E5F000000000702 /* Build configuration list for PBXNativeTarget "ClaudeStatusBar" */;
			buildPhases = (
				8A1B2C3D4E5F000000000301 /* Sources */,
				8A1B2C3D4E5F000000000302 /* Frameworks */,
				8A1B2C3D4E5F000000000303 /* Resources */,
			);
			buildRules = (
			);
			dependencies = (
			);
			name = ClaudeStatusBar;
			productName = ClaudeStatusBar;
			productReference = 8A1B2C3D4E5F00000000000B /* ClaudeStatusBar.app */;
			productType = "com.apple.product-type.application";
		};
		8A1B2C3D4E5F000000000402 /* ClaudeStatusBarTests */ = {
			isa = PBXNativeTarget;
			buildConfigurationList = 8A1B2C3D4E5F000000000703 /* Build configuration list for PBXNativeTarget "ClaudeStatusBarTests" */;
			buildPhases = (
				8A1B2C3D4E5F000000000311 /* Sources */,
				8A1B2C3D4E5F000000000312 /* Frameworks */,
			);
			buildRules = (
			);
			dependencies = (
				8A1B2C3D4E5F000000000802 /* PBXTargetDependency */,
			);
			name = ClaudeStatusBarTests;
			productName = ClaudeStatusBarTests;
			productReference = 8A1B2C3D4E5F00000000000E /* ClaudeStatusBarTests.xctest */;
			productType = "com.apple.product-type.bundle.unit-test";
		};
/* End PBXNativeTarget section */

/* Begin PBXProject section */
		8A1B2C3D4E5F000000000501 /* Project object */ = {
			isa = PBXProject;
			attributes = {
				BuildIndependentTargetsInParallel = 1;
				LastSwiftUpdateCheck = 1540;
				LastUpgradeCheck = 2630;
				TargetAttributes = {
					8A1B2C3D4E5F000000000401 = {
						CreatedOnToolsVersion = 15.4;
					};
					8A1B2C3D4E5F000000000402 = {
						CreatedOnToolsVersion = 15.4;
						TestTargetID = 8A1B2C3D4E5F000000000401;
					};
				};
			};
			buildConfigurationList = 8A1B2C3D4E5F000000000701 /* Build configuration list for PBXProject "ClaudeStatusBar" */;
			compatibilityVersion = "Xcode 14.0";
			developmentRegion = en;
			hasScannedForEncodings = 0;
			knownRegions = (
				en,
				Base,
			);
			mainGroup = 8A1B2C3D4E5F000000000201;
			productRefGroup = 8A1B2C3D4E5F000000000208 /* Products */;
			projectDirPath = "";
			projectRoot = "";
			targets = (
				8A1B2C3D4E5F000000000401 /* ClaudeStatusBar */,
				8A1B2C3D4E5F000000000402 /* ClaudeStatusBarTests */,
			);
		};
/* End PBXProject section */

/* Begin PBXResourcesBuildPhase section */
		8A1B2C3D4E5F000000000303 /* Resources */ = {
			isa = PBXResourcesBuildPhase;
			buildActionMask = 2147483647;
			files = (
				512F85DC2F773AFB002897F2 /* Localizable.xcstrings in Resources */,
				8A1B2C3D4E5F000000000109 /* Assets.xcassets in Resources */,
			);
			runOnlyForDeploymentPostprocessing = 0;
		};
/* End PBXResourcesBuildPhase section */

/* Begin PBXSourcesBuildPhase section */
		8A1B2C3D4E5F000000000301 /* Sources */ = {
			isa = PBXSourcesBuildPhase;
			buildActionMask = 2147483647;
			files = (
				8A1B2C3D4E5F000000000101 /* ClaudeStatusBarApp.swift in Sources */,
				8A1B2C3D4E5F000000000102 /* StatusModels.swift in Sources */,
				8A1B2C3D4E5F000000000103 /* StatusService.swift in Sources */,
				8A1B2C3D4E5F000000000104 /* NotificationService.swift in Sources */,
				8A1B2C3D4E5F000000000105 /* StatusMenuView.swift in Sources */,
				512F85E62F78A2C3002897F2 /* DebugMenuView.swift in Sources */,
				512F85DE2F774893002897F2 /* AppLanguage.swift in Sources */,
				8A1B2C3D4E5F000000000106 /* ComponentRow.swift in Sources */,
				8A1B2C3D4E5F000000000107 /* IncidentCard.swift in Sources */,
				8A1B2C3D4E5F000000000108 /* StatusViewModel.swift in Sources */,
				8A1B2C3D4E5F00000000010C /* IconDesignType.swift in Sources */,
				512F85E02F787BCD002897F2 /* PollingInterval.swift in Sources */,
				8A1B2C3D4E5F000000000114 /* SettingsView.swift in Sources */,
				8A1B2C3D4E5F00000000010E /* DebugPreset.swift in Sources */,
				8A1B2C3D4E5F000000000111 /* NotificationSettingsService.swift in Sources */,
			);
			runOnlyForDeploymentPostprocessing = 0;
		};
		8A1B2C3D4E5F000000000311 /* Sources */ = {
			isa = PBXSourcesBuildPhase;
			buildActionMask = 2147483647;
			files = (
				8A1B2C3D4E5F00000000010A /* StatusModelsTests.swift in Sources */,
				8A1B2C3D4E5F00000000010B /* StatusServiceTests.swift in Sources */,
				8A1B2C3D4E5F000000000110 /* StatusViewModelTests.swift in Sources */,
				8A1B2C3D4E5F000000000113 /* NotificationSettingsServiceTests.swift in Sources */,
			);
			runOnlyForDeploymentPostprocessing = 0;
		};
/* End PBXSourcesBuildPhase section */

/* Begin PBXTargetDependency section */
		8A1B2C3D4E5F000000000802 /* PBXTargetDependency */ = {
			isa = PBXTargetDependency;
			target = 8A1B2C3D4E5F000000000401 /* ClaudeStatusBar */;
			targetProxy = 8A1B2C3D4E5F000000000801 /* PBXContainerItemProxy */;
		};
/* End PBXTargetDependency section */

/* Begin XCBuildConfiguration section */
		8A1B2C3D4E5F000000000601 /* Debug */ = {
			isa = XCBuildConfiguration;
			buildSettings = {
				ALWAYS_SEARCH_USER_PATHS = NO;
				ASSETCATALOG_COMPILER_GENERATE_SWIFT_ASSET_SYMBOL_EXTENSIONS = YES;
				CLANG_ANALYZER_NONNULL = YES;
				CLANG_ANALYZER_NUMBER_OBJECT_CONVERSION = YES_AGGRESSIVE;
				CLANG_CXX_LANGUAGE_STANDARD = "gnu++20";
				CLANG_ENABLE_MODULES = YES;
				CLANG_ENABLE_OBJC_ARC = YES;
				CLANG_ENABLE_OBJC_WEAK = YES;
				CLANG_WARN_BLOCK_CAPTURE_AUTORELEASING = YES;
				CLANG_WARN_BOOL_CONVERSION = YES;
				CLANG_WARN_COMMA = YES;
				CLANG_WARN_CONSTANT_CONVERSION = YES;
				CLANG_WARN_DEPRECATED_OBJC_IMPLEMENTATIONS = YES;
				CLANG_WARN_DIRECT_OBJC_ISA_USAGE = YES_ERROR;
				CLANG_WARN_DOCUMENTATION_COMMENTS = YES;
				CLANG_WARN_EMPTY_BODY = YES;
				CLANG_WARN_ENUM_CONVERSION = YES;
				CLANG_WARN_INFINITE_RECURSION = YES;
				CLANG_WARN_INT_CONVERSION = YES;
				CLANG_WARN_NON_LITERAL_NULL_CONVERSION = YES;
				CLANG_WARN_OBJC_IMPLICIT_RETAIN_SELF = YES;
				CLANG_WARN_OBJC_LITERAL_CONVERSION = YES;
				CLANG_WARN_OBJC_ROOT_CLASS = YES_ERROR;
				CLANG_WARN_QUOTED_INCLUDE_IN_FRAMEWORK_HEADER = YES;
				CLANG_WARN_RANGE_LOOP_ANALYSIS = YES;
				CLANG_WARN_STRICT_PROTOTYPES = YES;
				CLANG_WARN_SUSPICIOUS_MOVE = YES;
				CLANG_WARN_UNGUARDED_AVAILABILITY = YES_AGGRESSIVE;
				CLANG_WARN_UNREACHABLE_CODE = YES;
				CLANG_WARN__DUPLICATE_METHOD_MATCH = YES;
				COPY_PHASE_STRIP = NO;
				DEAD_CODE_STRIPPING = YES;
				DEBUG_INFORMATION_FORMAT = dwarf;
				ENABLE_STRICT_OBJC_MSGSEND = YES;
				ENABLE_TESTABILITY = YES;
				ENABLE_USER_SCRIPT_SANDBOXING = YES;
				GCC_C_LANGUAGE_STANDARD = gnu17;
				GCC_DYNAMIC_NO_PIC = NO;
				GCC_NO_COMMON_BLOCKS = YES;
				GCC_OPTIMIZATION_LEVEL = 0;
				GCC_PREPROCESSOR_DEFINITIONS = (
					"DEBUG=1",
					"$(inherited)",
				);
				GCC_WARN_64_TO_32_BIT_CONVERSION = YES;
				GCC_WARN_ABOUT_RETURN_TYPE = YES_ERROR;
				GCC_WARN_UNDECLARED_SELECTOR = YES;
				GCC_WARN_UNINITIALIZED_AUTOS = YES_AGGRESSIVE;
				GCC_WARN_UNUSED_FUNCTION = YES;
				GCC_WARN_UNUSED_VARIABLE = YES;
				MACOSX_DEPLOYMENT_TARGET = 26.0;
				MTL_ENABLE_DEBUG_INFO = INCLUDE_SOURCE;
				MTL_FAST_MATH = YES;
				ONLY_ACTIVE_ARCH = YES;
				SDKROOT = macosx;
				STRING_CATALOG_GENERATE_SYMBOLS = YES;
				SWIFT_ACTIVE_COMPILATION_CONDITIONS = "DEBUG $(inherited)";
				SWIFT_OPTIMIZATION_LEVEL = "-Onone";
			};
			name = Debug;
		};
		8A1B2C3D4E5F000000000602 /* Release */ = {
			isa = XCBuildConfiguration;
			buildSettings = {
				ALWAYS_SEARCH_USER_PATHS = NO;
				ASSETCATALOG_COMPILER_GENERATE_SWIFT_ASSET_SYMBOL_EXTENSIONS = YES;
				CLANG_ANALYZER_NONNULL = YES;
				CLANG_ANALYZER_NUMBER_OBJECT_CONVERSION = YES_AGGRESSIVE;
				CLANG_CXX_LANGUAGE_STANDARD = "gnu++20";
				CLANG_ENABLE_MODULES = YES;
				CLANG_ENABLE_OBJC_ARC = YES;
				CLANG_ENABLE_OBJC_WEAK = YES;
				CLANG_WARN_BLOCK_CAPTURE_AUTORELEASING = YES;
				CLANG_WARN_BOOL_CONVERSION = YES;
				CLANG_WARN_COMMA = YES;
				CLANG_WARN_CONSTANT_CONVERSION = YES;
				CLANG_WARN_DEPRECATED_OBJC_IMPLEMENTATIONS = YES;
				CLANG_WARN_DIRECT_OBJC_ISA_USAGE = YES_ERROR;
				CLANG_WARN_DOCUMENTATION_COMMENTS = YES;
				CLANG_WARN_EMPTY_BODY = YES;
				CLANG_WARN_ENUM_CONVERSION = YES;
				CLANG_WARN_INFINITE_RECURSION = YES;
				CLANG_WARN_INT_CONVERSION = YES;
				CLANG_WARN_NON_LITERAL_NULL_CONVERSION = YES;
				CLANG_WARN_OBJC_IMPLICIT_RETAIN_SELF = YES;
				CLANG_WARN_OBJC_LITERAL_CONVERSION = YES;
				CLANG_WARN_OBJC_ROOT_CLASS = YES_ERROR;
				CLANG_WARN_QUOTED_INCLUDE_IN_FRAMEWORK_HEADER = YES;
				CLANG_WARN_RANGE_LOOP_ANALYSIS = YES;
				CLANG_WARN_STRICT_PROTOTYPES = YES;
				CLANG_WARN_SUSPICIOUS_MOVE = YES;
				CLANG_WARN_UNGUARDED_AVAILABILITY = YES_AGGRESSIVE;
				CLANG_WARN_UNREACHABLE_CODE = YES;
				CLANG_WARN__DUPLICATE_METHOD_MATCH = YES;
				COPY_PHASE_STRIP = NO;
				DEAD_CODE_STRIPPING = YES;
				DEBUG_INFORMATION_FORMAT = "dwarf-with-dsym";
				ENABLE_NS_ASSERTIONS = NO;
				ENABLE_STRICT_OBJC_MSGSEND = YES;
				ENABLE_USER_SCRIPT_SANDBOXING = YES;
				GCC_C_LANGUAGE_STANDARD = gnu17;
				GCC_NO_COMMON_BLOCKS = YES;
				GCC_WARN_64_TO_32_BIT_CONVERSION = YES;
				GCC_WARN_ABOUT_RETURN_TYPE = YES_ERROR;
				GCC_WARN_UNDECLARED_SELECTOR = YES;
				GCC_WARN_UNINITIALIZED_AUTOS = YES_AGGRESSIVE;
				GCC_WARN_UNUSED_FUNCTION = YES;
				GCC_WARN_UNUSED_VARIABLE = YES;
				MACOSX_DEPLOYMENT_TARGET = 26.0;
				MTL_ENABLE_DEBUG_INFO = NO;
				MTL_FAST_MATH = YES;
				SDKROOT = macosx;
				STRING_CATALOG_GENERATE_SYMBOLS = YES;
				SWIFT_COMPILATION_MODE = wholemodule;
			};
			name = Release;
		};
		8A1B2C3D4E5F000000000603 /* Debug */ = {
			isa = XCBuildConfiguration;
			buildSettings = {
				ASSETCATALOG_COMPILER_APPICON_NAME = AppIcon;
				ASSETCATALOG_COMPILER_GLOBAL_ACCENT_COLOR_NAME = AccentColor;
				AUTOMATION_APPLE_EVENTS = NO;
				CODE_SIGN_ENTITLEMENTS = ClaudeStatusBar/ClaudeStatusBar.entitlements;
				CODE_SIGN_STYLE = Automatic;
				COMBINE_HIDPI_IMAGES = YES;
				CURRENT_PROJECT_VERSION = 1;
				DEAD_CODE_STRIPPING = YES;
				DEVELOPMENT_TEAM = Q8C9T7ZGYK;
				ENABLE_APP_SANDBOX = YES;
				ENABLE_HARDENED_RUNTIME = YES;
				ENABLE_OUTGOING_NETWORK_CONNECTIONS = YES;
				ENABLE_RESOURCE_ACCESS_AUDIO_INPUT = NO;
				ENABLE_RESOURCE_ACCESS_CALENDARS = NO;
				ENABLE_RESOURCE_ACCESS_CAMERA = NO;
				ENABLE_RESOURCE_ACCESS_CONTACTS = NO;
				ENABLE_RESOURCE_ACCESS_LOCATION = NO;
				ENABLE_RESOURCE_ACCESS_PHOTO_LIBRARY = NO;
				GENERATE_INFOPLIST_FILE = YES;
				INFOPLIST_KEY_CFBundleDisplayName = "Claude Status Bar";
				INFOPLIST_KEY_LSApplicationCategoryType = "public.app-category.utilities";
				INFOPLIST_KEY_LSUIElement = YES;
				INFOPLIST_KEY_NSHumanReadableCopyright = "";
				MARKETING_VERSION = 2.4.0;
				PRODUCT_BUNDLE_IDENTIFIER = com.morinpic.ClaudeStatusBar;
				PRODUCT_NAME = "$(TARGET_NAME)";
				RUNTIME_EXCEPTION_ALLOW_DYLD_ENVIRONMENT_VARIABLES = NO;
				RUNTIME_EXCEPTION_ALLOW_JIT = NO;
				RUNTIME_EXCEPTION_ALLOW_UNSIGNED_EXECUTABLE_MEMORY = NO;
				RUNTIME_EXCEPTION_DEBUGGING_TOOL = NO;
				RUNTIME_EXCEPTION_DISABLE_EXECUTABLE_PAGE_PROTECTION = NO;
				RUNTIME_EXCEPTION_DISABLE_LIBRARY_VALIDATION = NO;
				SWIFT_EMIT_LOC_STRINGS = YES;
				SWIFT_VERSION = 5.0;
			};
			name = Debug;
		};
		8A1B2C3D4E5F000000000604 /* Release */ = {
			isa = XCBuildConfiguration;
			buildSettings = {
				ASSETCATALOG_COMPILER_APPICON_NAME = AppIcon;
				ASSETCATALOG_COMPILER_GLOBAL_ACCENT_COLOR_NAME = AccentColor;
				AUTOMATION_APPLE_EVENTS = NO;
				CODE_SIGN_ENTITLEMENTS = ClaudeStatusBar/ClaudeStatusBar.entitlements;
				CODE_SIGN_STYLE = Automatic;
				COMBINE_HIDPI_IMAGES = YES;
				CURRENT_PROJECT_VERSION = 1;
				DEAD_CODE_STRIPPING = YES;
				DEVELOPMENT_TEAM = Q8C9T7ZGYK;
				ENABLE_APP_SANDBOX = YES;
				ENABLE_HARDENED_RUNTIME = YES;
				ENABLE_OUTGOING_NETWORK_CONNECTIONS = YES;
				ENABLE_RESOURCE_ACCESS_AUDIO_INPUT = NO;
				ENABLE_RESOURCE_ACCESS_CALENDARS = NO;
				ENABLE_RESOURCE_ACCESS_CAMERA = NO;
				ENABLE_RESOURCE_ACCESS_CONTACTS = NO;
				ENABLE_RESOURCE_ACCESS_LOCATION = NO;
				ENABLE_RESOURCE_ACCESS_PHOTO_LIBRARY = NO;
				GENERATE_INFOPLIST_FILE = YES;
				INFOPLIST_KEY_CFBundleDisplayName = "Claude Status Bar";
				INFOPLIST_KEY_LSApplicationCategoryType = "public.app-category.utilities";
				INFOPLIST_KEY_LSUIElement = YES;
				INFOPLIST_KEY_NSHumanReadableCopyright = "";
				MARKETING_VERSION = 2.4.0;
				PRODUCT_BUNDLE_IDENTIFIER = com.morinpic.ClaudeStatusBar;
				PRODUCT_NAME = "$(TARGET_NAME)";
				RUNTIME_EXCEPTION_ALLOW_DYLD_ENVIRONMENT_VARIABLES = NO;
				RUNTIME_EXCEPTION_ALLOW_JIT = NO;
				RUNTIME_EXCEPTION_ALLOW_UNSIGNED_EXECUTABLE_MEMORY = NO;
				RUNTIME_EXCEPTION_DEBUGGING_TOOL = NO;
				RUNTIME_EXCEPTION_DISABLE_EXECUTABLE_PAGE_PROTECTION = NO;
				RUNTIME_EXCEPTION_DISABLE_LIBRARY_VALIDATION = NO;
				SWIFT_EMIT_LOC_STRINGS = YES;
				SWIFT_VERSION = 5.0;
			};
			name = Release;
		};
		8A1B2C3D4E5F000000000605 /* Debug */ = {
			isa = XCBuildConfiguration;
			buildSettings = {
				BUNDLE_LOADER = "$(TEST_HOST)";
				CODE_SIGN_STYLE = Automatic;
				CURRENT_PROJECT_VERSION = 1;
				DEAD_CODE_STRIPPING = YES;
				DEVELOPMENT_TEAM = Q8C9T7ZGYK;
				GENERATE_INFOPLIST_FILE = YES;
				MACOSX_DEPLOYMENT_TARGET = 26.0;
				MARKETING_VERSION = 1.0;
				PRODUCT_BUNDLE_IDENTIFIER = com.morinpic.ClaudeStatusBarTests;
				PRODUCT_NAME = "$(TARGET_NAME)";
				SWIFT_EMIT_LOC_STRINGS = NO;
				SWIFT_VERSION = 5.0;
				TEST_HOST = "$(BUILT_PRODUCTS_DIR)/ClaudeStatusBar.app/$(BUNDLE_EXECUTABLE_FOLDER_PATH)/ClaudeStatusBar";
			};
			name = Debug;
		};
		8A1B2C3D4E5F000000000606 /* Release */ = {
			isa = XCBuildConfiguration;
			buildSettings = {
				BUNDLE_LOADER = "$(TEST_HOST)";
				CODE_SIGN_STYLE = Automatic;
				CURRENT_PROJECT_VERSION = 1;
				DEAD_CODE_STRIPPING = YES;
				DEVELOPMENT_TEAM = Q8C9T7ZGYK;
				GENERATE_INFOPLIST_FILE = YES;
				MACOSX_DEPLOYMENT_TARGET = 26.0;
				MARKETING_VERSION = 1.0;
				PRODUCT_BUNDLE_IDENTIFIER = com.morinpic.ClaudeStatusBarTests;
				PRODUCT_NAME = "$(TARGET_NAME)";
				SWIFT_EMIT_LOC_STRINGS = NO;
				SWIFT_VERSION = 5.0;
				TEST_HOST = "$(BUILT_PRODUCTS_DIR)/ClaudeStatusBar.app/$(BUNDLE_EXECUTABLE_FOLDER_PATH)/ClaudeStatusBar";
			};
			name = Release;
		};
/* End XCBuildConfiguration section */

/* Begin XCConfigurationList section */
		8A1B2C3D4E5F000000000701 /* Build configuration list for PBXProject "ClaudeStatusBar" */ = {
			isa = XCConfigurationList;
			buildConfigurations = (
				8A1B2C3D4E5F000000000601 /* Debug */,
				8A1B2C3D4E5F000000000602 /* Release */,
			);
			defaultConfigurationIsVisible = 0;
			defaultConfigurationName = Release;
		};
		8A1B2C3D4E5F000000000702 /* Build configuration list for PBXNativeTarget "ClaudeStatusBar" */ = {
			isa = XCConfigurationList;
			buildConfigurations = (
				8A1B2C3D4E5F000000000603 /* Debug */,
				8A1B2C3D4E5F000000000604 /* Release */,
			);
			defaultConfigurationIsVisible = 0;
			defaultConfigurationName = Release;
		};
		8A1B2C3D4E5F000000000703 /* Build configuration list for PBXNativeTarget "ClaudeStatusBarTests" */ = {
			isa = XCConfigurationList;
			buildConfigurations = (
				8A1B2C3D4E5F000000000605 /* Debug */,
				8A1B2C3D4E5F000000000606 /* Release */,
			);
			defaultConfigurationIsVisible = 0;
			defaultConfigurationName = Release;
		};
/* End XCConfigurationList section */
	};
	rootObject = 8A1B2C3D4E5F000000000501 /* Project object */;
}
